// !$*UTF8*$!
{
	archiveVersion = 1;
	classes = {
	};
	objectVersion = 46;
	objects = {

/* Begin PBXBuildFile section */
		3C071E1F1BA8ABBE00A4E2FD /* DeviceTableViewCell.swift in Sources */ = {isa = PBXBuildFile; fileRef = 3C071E1E1BA8ABBE00A4E2FD /* DeviceTableViewCell.swift */; settings = {ASSET_TAGS = (); }; };
		3C2B0E4C1A853756001CC986 /* Localizable.strings in Resources */ = {isa = PBXBuildFile; fileRef = 3C2B0E4E1A853756001CC986 /* Localizable.strings */; };
		3C4C36FA1BA75A2700C5D726 /* Settings.bundle in Resources */ = {isa = PBXBuildFile; fileRef = 3C4C36F91BA75A2700C5D726 /* Settings.bundle */; settings = {ASSET_TAGS = (); }; };
		3CA81AD51B6AB834001555AB /* MainTableViewController.swift in Sources */ = {isa = PBXBuildFile; fileRef = 3CA81AD41B6AB834001555AB /* MainTableViewController.swift */; };
		3CD38CC41A756968009DC4E3 /* AppDelegate.swift in Sources */ = {isa = PBXBuildFile; fileRef = 3CD38CC31A756968009DC4E3 /* AppDelegate.swift */; };
		3CD38CCC1A756968009DC4E3 /* Main.storyboard in Resources */ = {isa = PBXBuildFile; fileRef = 3CD38CCA1A756968009DC4E3 /* Main.storyboard */; };
		3CD38CCE1A756968009DC4E3 /* Images.xcassets in Resources */ = {isa = PBXBuildFile; fileRef = 3CD38CCD1A756968009DC4E3 /* Images.xcassets */; };
		3CD38CD11A756968009DC4E3 /* LaunchScreen.xib in Resources */ = {isa = PBXBuildFile; fileRef = 3CD38CCF1A756968009DC4E3 /* LaunchScreen.xib */; };
		3CF69C421B669F6C009EB33D /* FS20.swift in Sources */ = {isa = PBXBuildFile; fileRef = 3CF69C401B669F6C009EB33D /* FS20.swift */; };
		3CF69C431B669F6C009EB33D /* String+Localization.swift in Sources */ = {isa = PBXBuildFile; fileRef = 3CF69C411B669F6C009EB33D /* String+Localization.swift */; };
		3CF69C451B66A412009EB33D /* Dictionary+JSON.swift in Sources */ = {isa = PBXBuildFile; fileRef = 3CF69C441B66A412009EB33D /* Dictionary+JSON.swift */; };
/* End PBXBuildFile section */

/* Begin PBXCopyFilesBuildPhase section */
		3C1311381A76D0F300B91853 /* Embed App Extensions */ = {
			isa = PBXCopyFilesBuildPhase;
			buildActionMask = 2147483647;
			dstPath = "";
			dstSubfolderSpec = 13;
			files = (
			);
			name = "Embed App Extensions";
			runOnlyForDeploymentPostprocessing = 0;
		};
/* End PBXCopyFilesBuildPhase section */

/* Begin PBXFileReference section */
		3C071E1E1BA8ABBE00A4E2FD /* DeviceTableViewCell.swift */ = {isa = PBXFileReference; fileEncoding = 4; lastKnownFileType = sourcecode.swift; path = DeviceTableViewCell.swift; sourceTree = "<group>"; };
		3C1311291A76D0F300B91853 /* NotificationCenter.framework */ = {isa = PBXFileReference; lastKnownFileType = wrapper.framework; name = NotificationCenter.framework; path = System/Library/Frameworks/NotificationCenter.framework; sourceTree = SDKROOT; };
		3C1311391A76D13200B91853 /* FS20.entitlements */ = {isa = PBXFileReference; lastKnownFileType = text.xml; path = FS20.entitlements; sourceTree = "<group>"; };
		3C2B0E4D1A853756001CC986 /* Base */ = {isa = PBXFileReference; lastKnownFileType = text.plist.strings; name = Base; path = Base.lproj/Localizable.strings; sourceTree = "<group>"; };
		3C2B0E4F1A85375A001CC986 /* de */ = {isa = PBXFileReference; lastKnownFileType = text.plist.strings; name = de; path = de.lproj/Localizable.strings; sourceTree = "<group>"; };
		3C4C36F91BA75A2700C5D726 /* Settings.bundle */ = {isa = PBXFileReference; lastKnownFileType = "wrapper.plug-in"; path = Settings.bundle; sourceTree = "<group>"; };
		3CA81AD41B6AB834001555AB /* MainTableViewController.swift */ = {isa = PBXFileReference; fileEncoding = 4; lastKnownFileType = sourcecode.swift; path = MainTableViewController.swift; sourceTree = "<group>"; };
		3CC924131A81713800D70ACB /* de */ = {isa = PBXFileReference; lastKnownFileType = text.plist.strings; name = de; path = de.lproj/Main.strings; sourceTree = "<group>"; };
		3CD38CBE1A756968009DC4E3 /* FS20.app */ = {isa = PBXFileReference; explicitFileType = wrapper.application; includeInIndex = 0; path = FS20.app; sourceTree = BUILT_PRODUCTS_DIR; };
		3CD38CC21A756968009DC4E3 /* Info.plist */ = {isa = PBXFileReference; lastKnownFileType = text.plist.xml; path = Info.plist; sourceTree = "<group>"; };
		3CD38CC31A756968009DC4E3 /* AppDelegate.swift */ = {isa = PBXFileReference; lastKnownFileType = sourcecode.swift; path = AppDelegate.swift; sourceTree = "<group>"; };
		3CD38CCB1A756968009DC4E3 /* Base */ = {isa = PBXFileReference; lastKnownFileType = file.storyboard; name = Base; path = Base.lproj/Main.storyboard; sourceTree = "<group>"; };
		3CD38CCD1A756968009DC4E3 /* Images.xcassets */ = {isa = PBXFileReference; lastKnownFileType = folder.assetcatalog; path = Images.xcassets; sourceTree = "<group>"; };
		3CD38CD01A756968009DC4E3 /* Base */ = {isa = PBXFileReference; lastKnownFileType = file.xib; name = Base; path = Base.lproj/LaunchScreen.xib; sourceTree = "<group>"; };
		3CF69C401B669F6C009EB33D /* FS20.swift */ = {isa = PBXFileReference; fileEncoding = 4; lastKnownFileType = sourcecode.swift; path = FS20.swift; sourceTree = "<group>"; };
		3CF69C411B669F6C009EB33D /* String+Localization.swift */ = {isa = PBXFileReference; fileEncoding = 4; lastKnownFileType = sourcecode.swift; path = "String+Localization.swift"; sourceTree = "<group>"; };
		3CF69C441B66A412009EB33D /* Dictionary+JSON.swift */ = {isa = PBXFileReference; fileEncoding = 4; lastKnownFileType = sourcecode.swift; path = "Dictionary+JSON.swift"; sourceTree = "<group>"; };
/* End PBXFileReference section */

/* Begin PBXFrameworksBuildPhase section */
		3CD38CBB1A756968009DC4E3 /* Frameworks */ = {
			isa = PBXFrameworksBuildPhase;
			buildActionMask = 2147483647;
			files = (
			);
			runOnlyForDeploymentPostprocessing = 0;
		};
/* End PBXFrameworksBuildPhase section */

/* Begin PBXGroup section */
		3C1311281A76D0F300B91853 /* Frameworks */ = {
			isa = PBXGroup;
			children = (
				3C1311291A76D0F300B91853 /* NotificationCenter.framework */,
			);
			name = Frameworks;
			sourceTree = "<group>";
		};
		3CD38CB51A756967009DC4E3 = {
			isa = PBXGroup;
			children = (
				3CF69C3F1B669F6C009EB33D /* Shared */,
				3CD38CC01A756968009DC4E3 /* FS20 */,
				3C1311281A76D0F300B91853 /* Frameworks */,
				3CD38CBF1A756968009DC4E3 /* Products */,
			);
			sourceTree = "<group>";
		};
		3CD38CBF1A756968009DC4E3 /* Products */ = {
			isa = PBXGroup;
			children = (
				3CD38CBE1A756968009DC4E3 /* FS20.app */,
			);
			name = Products;
			sourceTree = "<group>";
		};
		3CD38CC01A756968009DC4E3 /* FS20 */ = {
			isa = PBXGroup;
			children = (
				3C1311391A76D13200B91853 /* FS20.entitlements */,
				3CD38CCA1A756968009DC4E3 /* Main.storyboard */,
				3CD38CCF1A756968009DC4E3 /* LaunchScreen.xib */,
				3CD38CCD1A756968009DC4E3 /* Images.xcassets */,
				3C2B0E4E1A853756001CC986 /* Localizable.strings */,
				3CD38CC31A756968009DC4E3 /* AppDelegate.swift */,
				3CA81AD41B6AB834001555AB /* MainTableViewController.swift */,
				3CD38CC11A756968009DC4E3 /* Supporting Files */,
				3C4C36F91BA75A2700C5D726 /* Settings.bundle */,
				3C071E1E1BA8ABBE00A4E2FD /* DeviceTableViewCell.swift */,
			);
			path = FS20;
			sourceTree = "<group>";
		};
		3CD38CC11A756968009DC4E3 /* Supporting Files */ = {
			isa = PBXGroup;
			children = (
				3CD38CC21A756968009DC4E3 /* Info.plist */,
			);
			name = "Supporting Files";
			sourceTree = "<group>";
		};
		3CF69C3F1B669F6C009EB33D /* Shared */ = {
			isa = PBXGroup;
			children = (
				3CF69C401B669F6C009EB33D /* FS20.swift */,
				3CF69C411B669F6C009EB33D /* String+Localization.swift */,
				3CF69C441B66A412009EB33D /* Dictionary+JSON.swift */,
			);
			path = Shared;
			sourceTree = "<group>";
		};
/* End PBXGroup section */

/* Begin PBXNativeTarget section */
		3CD38CBD1A756968009DC4E3 /* FS20 */ = {
			isa = PBXNativeTarget;
			buildConfigurationList = 3CD38CE01A756968009DC4E3 /* Build configuration list for PBXNativeTarget "FS20" */;
			buildPhases = (
				3CD38CBA1A756968009DC4E3 /* Sources */,
				3CD38CBB1A756968009DC4E3 /* Frameworks */,
				3CD38CBC1A756968009DC4E3 /* Resources */,
				3C1311381A76D0F300B91853 /* Embed App Extensions */,
			);
			buildRules = (
			);
			dependencies = (
			);
			name = FS20;
			productName = FS20;
			productReference = 3CD38CBE1A756968009DC4E3 /* FS20.app */;
			productType = "com.apple.product-type.application";
		};
/* End PBXNativeTarget section */

/* Begin PBXProject section */
		3CD38CB61A756967009DC4E3 /* Project object */ = {
			isa = PBXProject;
			attributes = {
				LastSwiftMigration = 0700;
				LastSwiftUpdateCheck = 0700;
				LastUpgradeCheck = 0700;
				ORGANIZATIONNAME = Mani;
				TargetAttributes = {
					3CD38CBD1A756968009DC4E3 = {
						CreatedOnToolsVersion = 6.2;
						DevelopmentTeam = PZP46GS9KE;
						SystemCapabilities = {
							com.apple.ApplicationGroups.iOS = {
								enabled = 1;
							};
						};
					};
				};
			};
			buildConfigurationList = 3CD38CB91A756967009DC4E3 /* Build configuration list for PBXProject "FS20" */;
			compatibilityVersion = "Xcode 3.2";
			developmentRegion = English;
			hasScannedForEncodings = 0;
			knownRegions = (
				en,
				Base,
				de,
			);
			mainGroup = 3CD38CB51A756967009DC4E3;
			productRefGroup = 3CD38CBF1A756968009DC4E3 /* Products */;
			projectDirPath = "";
			projectRoot = "";
			targets = (
				3CD38CBD1A756968009DC4E3 /* FS20 */,
			);
		};
/* End PBXProject section */

/* Begin PBXResourcesBuildPhase section */
		3CD38CBC1A756968009DC4E3 /* Resources */ = {
			isa = PBXResourcesBuildPhase;
			buildActionMask = 2147483647;
			files = (
				3C2B0E4C1A853756001CC986 /* Localizable.strings in Resources */,
				3CD38CCC1A756968009DC4E3 /* Main.storyboard in Resources */,
				3C4C36FA1BA75A2700C5D726 /* Settings.bundle in Resources */,
				3CD38CD11A756968009DC4E3 /* LaunchScreen.xib in Resources */,
				3CD38CCE1A756968009DC4E3 /* Images.xcassets in Resources */,
			);
			runOnlyForDeploymentPostprocessing = 0;
		};
/* End PBXResourcesBuildPhase section */

/* Begin PBXSourcesBuildPhase section */
		3CD38CBA1A756968009DC4E3 /* Sources */ = {
			isa = PBXSourcesBuildPhase;
			buildActionMask = 2147483647;
			files = (
				3CF69C431B669F6C009EB33D /* String+Localization.swift in Sources */,
				3C071E1F1BA8ABBE00A4E2FD /* DeviceTableViewCell.swift in Sources */,
				3CF69C421B669F6C009EB33D /* FS20.swift in Sources */,
				3CD38CC41A756968009DC4E3 /* AppDelegate.swift in Sources */,
				3CA81AD51B6AB834001555AB /* MainTableViewController.swift in Sources */,
				3CF69C451B66A412009EB33D /* Dictionary+JSON.swift in Sources */,
			);
			runOnlyForDeploymentPostprocessing = 0;
		};
/* End PBXSourcesBuildPhase section */

/* Begin PBXVariantGroup section */
		3C2B0E4E1A853756001CC986 /* Localizable.strings */ = {
			isa = PBXVariantGroup;
			children = (
				3C2B0E4D1A853756001CC986 /* Base */,
				3C2B0E4F1A85375A001CC986 /* de */,
			);
			name = Localizable.strings;
			sourceTree = "<group>";
		};
		3CD38CCA1A756968009DC4E3 /* Main.storyboard */ = {
			isa = PBXVariantGroup;
			children = (
				3CD38CCB1A756968009DC4E3 /* Base */,
				3CC924131A81713800D70ACB /* de */,
			);
			name = Main.storyboard;
			sourceTree = "<group>";
		};
		3CD38CCF1A756968009DC4E3 /* LaunchScreen.xib */ = {
			isa = PBXVariantGroup;
			children = (
				3CD38CD01A756968009DC4E3 /* Base */,
			);
			name = LaunchScreen.xib;
			sourceTree = "<group>";
		};
/* End PBXVariantGroup section */

/* Begin XCBuildConfiguration section */
		3CD38CDE1A756968009DC4E3 /* Debug */ = {
			isa = XCBuildConfiguration;
			buildSettings = {
				ALWAYS_SEARCH_USER_PATHS = NO;
				CLANG_CXX_LANGUAGE_STANDARD = "gnu++0x";
				CLANG_CXX_LIBRARY = "libc++";
				CLANG_ENABLE_MODULES = YES;
				CLANG_ENABLE_OBJC_ARC = YES;
				CLANG_WARN_BOOL_CONVERSION = YES;
				CLANG_WARN_CONSTANT_CONVERSION = YES;
				CLANG_WARN_DIRECT_OBJC_ISA_USAGE = YES_ERROR;
				CLANG_WARN_EMPTY_BODY = YES;
				CLANG_WARN_ENUM_CONVERSION = YES;
				CLANG_WARN_INT_CONVERSION = YES;
				CLANG_WARN_OBJC_ROOT_CLASS = YES_ERROR;
				CLANG_WARN_UNREACHABLE_CODE = YES;
				CLANG_WARN__DUPLICATE_METHOD_MATCH = YES;
				"CODE_SIGN_IDENTITY[sdk=iphoneos*]" = "iPhone Developer";
				COPY_PHASE_STRIP = NO;
				ENABLE_STRICT_OBJC_MSGSEND = YES;
				ENABLE_TESTABILITY = YES;
				GCC_C_LANGUAGE_STANDARD = gnu99;
				GCC_DYNAMIC_NO_PIC = NO;
				GCC_OPTIMIZATION_LEVEL = 0;
				GCC_PREPROCESSOR_DEFINITIONS = (
					"DEBUG=1",
					"$(inherited)",
				);
				GCC_SYMBOLS_PRIVATE_EXTERN = NO;
				GCC_WARN_64_TO_32_BIT_CONVERSION = YES;
				GCC_WARN_ABOUT_RETURN_TYPE = YES_ERROR;
				GCC_WARN_UNDECLARED_SELECTOR = YES;
				GCC_WARN_UNINITIALIZED_AUTOS = YES_AGGRESSIVE;
				GCC_WARN_UNUSED_FUNCTION = YES;
				GCC_WARN_UNUSED_VARIABLE = YES;
				IPHONEOS_DEPLOYMENT_TARGET = 8.2;
				MTL_ENABLE_DEBUG_INFO = YES;
				ONLY_ACTIVE_ARCH = YES;
				SDKROOT = iphoneos;
				SWIFT_OBJC_BRIDGING_HEADER = "Bridging-Header.h";
				SWIFT_OPTIMIZATION_LEVEL = "-Onone";
				TARGETED_DEVICE_FAMILY = "1,2";
			};
			name = Debug;
		};
		3CD38CDF1A756968009DC4E3 /* Release */ = {
			isa = XCBuildConfiguration;
			buildSettings = {
				ALWAYS_SEARCH_USER_PATHS = NO;
				CLANG_CXX_LANGUAGE_STANDARD = "gnu++0x";
				CLANG_CXX_LIBRARY = "libc++";
				CLANG_ENABLE_MODULES = YES;
				CLANG_ENABLE_OBJC_ARC = YES;
				CLANG_WARN_BOOL_CONVERSION = YES;
				CLANG_WARN_CONSTANT_CONVERSION = YES;
				CLANG_WARN_DIRECT_OBJC_ISA_USAGE = YES_ERROR;
				CLANG_WARN_EMPTY_BODY = YES;
				CLANG_WARN_ENUM_CONVERSION = YES;
				CLANG_WARN_INT_CONVERSION = YES;
				CLANG_WARN_OBJC_ROOT_CLASS = YES_ERROR;
				CLANG_WARN_UNREACHABLE_CODE = YES;
				CLANG_WARN__DUPLICATE_METHOD_MATCH = YES;
				"CODE_SIGN_IDENTITY[sdk=iphoneos*]" = "iPhone Developer";
				COPY_PHASE_STRIP = NO;
				ENABLE_NS_ASSERTIONS = NO;
				ENABLE_STRICT_OBJC_MSGSEND = YES;
				GCC_C_LANGUAGE_STANDARD = gnu99;
				GCC_WARN_64_TO_32_BIT_CONVERSION = YES;
				GCC_WARN_ABOUT_RETURN_TYPE = YES_ERROR;
				GCC_WARN_UNDECLARED_SELECTOR = YES;
				GCC_WARN_UNINITIALIZED_AUTOS = YES_AGGRESSIVE;
				GCC_WARN_UNUSED_FUNCTION = YES;
				GCC_WARN_UNUSED_VARIABLE = YES;
				IPHONEOS_DEPLOYMENT_TARGET = 8.2;
				MTL_ENABLE_DEBUG_INFO = NO;
				SDKROOT = iphoneos;
				SWIFT_OBJC_BRIDGING_HEADER = "Bridging-Header.h";
				TARGETED_DEVICE_FAMILY = "1,2";
				VALIDATE_PRODUCT = YES;
			};
			name = Release;
		};
		3CD38CE11A756968009DC4E3 /* Debug */ = {
			isa = XCBuildConfiguration;
			buildSettings = {
				ASSETCATALOG_COMPILER_APPICON_NAME = AppIcon;
				CLANG_ENABLE_MODULES = YES;
				CODE_SIGN_ENTITLEMENTS = FS20/FS20.entitlements;
				CODE_SIGN_IDENTITY = "iPhone Developer";
				"CODE_SIGN_IDENTITY[sdk=iphoneos*]" = "iPhone Developer";
				EMBEDDED_CONTENT_CONTAINS_SWIFT = YES;
				INFOPLIST_FILE = FS20/Info.plist;
				IPHONEOS_DEPLOYMENT_TARGET = 8.4;
				LD_RUNPATH_SEARCH_PATHS = "$(inherited) @executable_path/Frameworks";
				PRODUCT_BUNDLE_IDENTIFIER = "at.mani1337.$(PRODUCT_NAME:rfc1034identifier)";
				PRODUCT_NAME = "$(TARGET_NAME)";
				PROVISIONING_PROFILE = "";
				SWIFT_INSTALL_OBJC_HEADER = NO;
				SWIFT_OBJC_BRIDGING_HEADER = "";
				SWIFT_OPTIMIZATION_LEVEL = "-Onone";
			};
			name = Debug;
		};
		3CD38CE21A756968009DC4E3 /* Release */ = {
			isa = XCBuildConfiguration;
			buildSettings = {
				ASSETCATALOG_COMPILER_APPICON_NAME = AppIcon;
				CLANG_ENABLE_MODULES = YES;
				CODE_SIGN_ENTITLEMENTS = FS20/FS20.entitlements;
				CODE_SIGN_IDENTITY = "iPhone Developer";
				"CODE_SIGN_IDENTITY[sdk=iphoneos*]" = "iPhone Developer";
				EMBEDDED_CONTENT_CONTAINS_SWIFT = YES;
				INFOPLIST_FILE = FS20/Info.plist;
				IPHONEOS_DEPLOYMENT_TARGET = 8.4;
				LD_RUNPATH_SEARCH_PATHS = "$(inherited) @executable_path/Frameworks";
				PRODUCT_BUNDLE_IDENTIFIER = "at.mani1337.$(PRODUCT_NAME:rfc1034identifier)";
				PRODUCT_NAME = "$(TARGET_NAME)";
				PROVISIONING_PROFILE = "";
				SWIFT_INSTALL_OBJC_HEADER = NO;
				SWIFT_OBJC_BRIDGING_HEADER = "";
			};
			name = Release;
		};
/* End XCBuildConfiguration section */

/* Begin XCConfigurationList section */
		3CD38CB91A756967009DC4E3 /* Build configuration list for PBXProject "FS20" */ = {
			isa = XCConfigurationList;
			buildConfigurations = (
				3CD38CDE1A756968009DC4E3 /* Debug */,
				3CD38CDF1A756968009DC4E3 /* Release */,
			);
			defaultConfigurationIsVisible = 0;
			defaultConfigurationName = Release;
		};
		3CD38CE01A756968009DC4E3 /* Build configuration list for PBXNativeTarget "FS20" */ = {
			isa = XCConfigurationList;
			buildConfigurations = (
				3CD38CE11A756968009DC4E3 /* Debug */,
				3CD38CE21A756968009DC4E3 /* Release */,
			);
			defaultConfigurationIsVisible = 0;
			defaultConfigurationName = Release;
		};
/* End XCConfigurationList section */
	};
	rootObject = 3CD38CB61A756967009DC4E3 /* Project object */;
}
