// !$*UTF8*$!
{
	archiveVersion = 1;
	classes = {
	};
	objectVersion = 46;
	objects = {

/* Begin PBXBuildFile section */
		3C07741C1BB463E800314EC7 /* NotificationCenter.framework in Frameworks */ = {isa = PBXBuildFile; fileRef = 3C1311291A76D0F300B91853 /* NotificationCenter.framework */; };
		3C07741F1BB463E800314EC7 /* TodayViewController.swift in Sources */ = {isa = PBXBuildFile; fileRef = 3C07741E1BB463E800314EC7 /* TodayViewController.swift */; };
		3C0774221BB463E800314EC7 /* MainInterface.storyboard in Resources */ = {isa = PBXBuildFile; fileRef = 3C0774201BB463E800314EC7 /* MainInterface.storyboard */; };
		3C0774261BB463E800314EC7 /* Today-Extension.appex in Embed App Extensions */ = {isa = PBXBuildFile; fileRef = 3C07741B1BB463E800314EC7 /* Today-Extension.appex */; settings = {ATTRIBUTES = (RemoveHeadersOnCopy, ); }; };
		3C07742D1BB466C700314EC7 /* Settings.bundle in Resources */ = {isa = PBXBuildFile; fileRef = 3C4C36F91BA75A2700C5D726 /* Settings.bundle */; };
		3C0774381BB47E6300314EC7 /* Dictionary+JSON.swift in Sources */ = {isa = PBXBuildFile; fileRef = 3C0774341BB47E6300314EC7 /* Dictionary+JSON.swift */; };
		3C0774391BB47E6300314EC7 /* Dictionary+JSON.swift in Sources */ = {isa = PBXBuildFile; fileRef = 3C0774341BB47E6300314EC7 /* Dictionary+JSON.swift */; };
		3C07743A1BB47E6300314EC7 /* FS20.swift in Sources */ = {isa = PBXBuildFile; fileRef = 3C0774351BB47E6300314EC7 /* FS20.swift */; };
		3C07743B1BB47E6300314EC7 /* FS20.swift in Sources */ = {isa = PBXBuildFile; fileRef = 3C0774351BB47E6300314EC7 /* FS20.swift */; };
		3C07743C1BB47E6300314EC7 /* Settings.swift in Sources */ = {isa = PBXBuildFile; fileRef = 3C0774361BB47E6300314EC7 /* Settings.swift */; };
		3C07743D1BB47E6300314EC7 /* Settings.swift in Sources */ = {isa = PBXBuildFile; fileRef = 3C0774361BB47E6300314EC7 /* Settings.swift */; };
		3C07743E1BB47E6300314EC7 /* String+Localization.swift in Sources */ = {isa = PBXBuildFile; fileRef = 3C0774371BB47E6300314EC7 /* String+Localization.swift */; };
		3C07743F1BB47E6300314EC7 /* String+Localization.swift in Sources */ = {isa = PBXBuildFile; fileRef = 3C0774371BB47E6300314EC7 /* String+Localization.swift */; };
		3C0774421BB47EDE00314EC7 /* DeviceTableViewCell.swift in Sources */ = {isa = PBXBuildFile; fileRef = 3C0774411BB47EDE00314EC7 /* DeviceTableViewCell.swift */; };
		3C0774431BB47EDE00314EC7 /* DeviceTableViewCell.swift in Sources */ = {isa = PBXBuildFile; fileRef = 3C0774411BB47EDE00314EC7 /* DeviceTableViewCell.swift */; };
		3C0774461BB47F2600314EC7 /* BaseFS20TableViewController.swift in Sources */ = {isa = PBXBuildFile; fileRef = 3C0774451BB47F2600314EC7 /* BaseFS20TableViewController.swift */; };
		3C0774471BB47F2600314EC7 /* BaseFS20TableViewController.swift in Sources */ = {isa = PBXBuildFile; fileRef = 3C0774451BB47F2600314EC7 /* BaseFS20TableViewController.swift */; };
		3C2B0E4C1A853756001CC986 /* Localizable.strings in Resources */ = {isa = PBXBuildFile; fileRef = 3C2B0E4E1A853756001CC986 /* Localizable.strings */; };
		3C42C2621C5C1D77005C2C75 /* JSONModel.framework in Frameworks */ = {isa = PBXBuildFile; fileRef = 3C42C2611C5C1D77005C2C75 /* JSONModel.framework */; };
		3C42C2661C5C1E00005C2C75 /* Room.m in Sources */ = {isa = PBXBuildFile; fileRef = 3C42C2651C5C1E00005C2C75 /* Room.m */; };
		3C42C2691C5C1E21005C2C75 /* Device.m in Sources */ = {isa = PBXBuildFile; fileRef = 3C42C2681C5C1E21005C2C75 /* Device.m */; };
		3C42C26A1C5C1E21005C2C75 /* Device.m in Sources */ = {isa = PBXBuildFile; fileRef = 3C42C2681C5C1E21005C2C75 /* Device.m */; };
		3C42C26B1C5C1E2E005C2C75 /* Room.m in Sources */ = {isa = PBXBuildFile; fileRef = 3C42C2651C5C1E00005C2C75 /* Room.m */; };
		3C42C26E1C5C297D005C2C75 /* SwitchResult.m in Sources */ = {isa = PBXBuildFile; fileRef = 3C42C26D1C5C297D005C2C75 /* SwitchResult.m */; };
		3C42C26F1C5C297D005C2C75 /* SwitchResult.m in Sources */ = {isa = PBXBuildFile; fileRef = 3C42C26D1C5C297D005C2C75 /* SwitchResult.m */; };
		3C4C36FA1BA75A2700C5D726 /* Settings.bundle in Resources */ = {isa = PBXBuildFile; fileRef = 3C4C36F91BA75A2700C5D726 /* Settings.bundle */; };
		3CA81AD51B6AB834001555AB /* MainTableViewController.swift in Sources */ = {isa = PBXBuildFile; fileRef = 3CA81AD41B6AB834001555AB /* MainTableViewController.swift */; };
		3CD38CC41A756968009DC4E3 /* AppDelegate.swift in Sources */ = {isa = PBXBuildFile; fileRef = 3CD38CC31A756968009DC4E3 /* AppDelegate.swift */; };
		3CD38CCC1A756968009DC4E3 /* Main.storyboard in Resources */ = {isa = PBXBuildFile; fileRef = 3CD38CCA1A756968009DC4E3 /* Main.storyboard */; };
		3CD38CCE1A756968009DC4E3 /* Images.xcassets in Resources */ = {isa = PBXBuildFile; fileRef = 3CD38CCD1A756968009DC4E3 /* Images.xcassets */; };
		3CD38CD11A756968009DC4E3 /* LaunchScreen.xib in Resources */ = {isa = PBXBuildFile; fileRef = 3CD38CCF1A756968009DC4E3 /* LaunchScreen.xib */; };
		892D035043A2B1045E8F3294 /* Pods.framework in Frameworks */ = {isa = PBXBuildFile; fileRef = C65AFC36E795CC83C46BF81F /* Pods.framework */; settings = {ATTRIBUTES = (Weak, ); }; };
/* End PBXBuildFile section */

/* Begin PBXContainerItemProxy section */
		3C0774241BB463E800314EC7 /* PBXContainerItemProxy */ = {
			isa = PBXContainerItemProxy;
			containerPortal = 3CD38CB61A756967009DC4E3 /* Project object */;
			proxyType = 1;
			remoteGlobalIDString = 3C07741A1BB463E800314EC7;
			remoteInfo = "Today-Extension";
		};
/* End PBXContainerItemProxy section */

/* Begin PBXCopyFilesBuildPhase section */
		3C1311381A76D0F300B91853 /* Embed App Extensions */ = {
			isa = PBXCopyFilesBuildPhase;
			buildActionMask = 2147483647;
			dstPath = "";
			dstSubfolderSpec = 13;
			files = (
				3C0774261BB463E800314EC7 /* Today-Extension.appex in Embed App Extensions */,
			);
			name = "Embed App Extensions";
			runOnlyForDeploymentPostprocessing = 0;
		};
/* End PBXCopyFilesBuildPhase section */

/* Begin PBXFileReference section */
		293125EC8DB47139D4D3050C /* Pods.release.xcconfig */ = {isa = PBXFileReference; includeInIndex = 1; lastKnownFileType = text.xcconfig; name = Pods.release.xcconfig; path = "Pods/Target Support Files/Pods/Pods.release.xcconfig"; sourceTree = "<group>"; };
		3C07741B1BB463E800314EC7 /* Today-Extension.appex */ = {isa = PBXFileReference; explicitFileType = "wrapper.app-extension"; includeInIndex = 0; path = "Today-Extension.appex"; sourceTree = BUILT_PRODUCTS_DIR; };
		3C07741E1BB463E800314EC7 /* TodayViewController.swift */ = {isa = PBXFileReference; lastKnownFileType = sourcecode.swift; path = TodayViewController.swift; sourceTree = "<group>"; };
		3C0774211BB463E800314EC7 /* Base */ = {isa = PBXFileReference; lastKnownFileType = file.storyboard; name = Base; path = Base.lproj/MainInterface.storyboard; sourceTree = "<group>"; };
		3C0774231BB463E800314EC7 /* Info.plist */ = {isa = PBXFileReference; lastKnownFileType = text.plist.xml; path = Info.plist; sourceTree = "<group>"; };
		3C07742E1BB477AD00314EC7 /* Today-Extension.entitlements */ = {isa = PBXFileReference; lastKnownFileType = text.xml; path = "Today-Extension.entitlements"; sourceTree = "<group>"; };
		3C0774341BB47E6300314EC7 /* Dictionary+JSON.swift */ = {isa = PBXFileReference; fileEncoding = 4; lastKnownFileType = sourcecode.swift; path = "Dictionary+JSON.swift"; sourceTree = "<group>"; };
		3C0774351BB47E6300314EC7 /* FS20.swift */ = {isa = PBXFileReference; fileEncoding = 4; lastKnownFileType = sourcecode.swift; path = FS20.swift; sourceTree = "<group>"; };
		3C0774361BB47E6300314EC7 /* Settings.swift */ = {isa = PBXFileReference; fileEncoding = 4; lastKnownFileType = sourcecode.swift; path = Settings.swift; sourceTree = "<group>"; };
		3C0774371BB47E6300314EC7 /* String+Localization.swift */ = {isa = PBXFileReference; fileEncoding = 4; lastKnownFileType = sourcecode.swift; path = "String+Localization.swift"; sourceTree = "<group>"; };
		3C0774411BB47EDE00314EC7 /* DeviceTableViewCell.swift */ = {isa = PBXFileReference; fileEncoding = 4; lastKnownFileType = sourcecode.swift; path = DeviceTableViewCell.swift; sourceTree = "<group>"; };
		3C0774451BB47F2600314EC7 /* BaseFS20TableViewController.swift */ = {isa = PBXFileReference; fileEncoding = 4; lastKnownFileType = sourcecode.swift; path = BaseFS20TableViewController.swift; sourceTree = "<group>"; };
		3C1311291A76D0F300B91853 /* NotificationCenter.framework */ = {isa = PBXFileReference; lastKnownFileType = wrapper.framework; name = NotificationCenter.framework; path = System/Library/Frameworks/NotificationCenter.framework; sourceTree = SDKROOT; };
		3C1311391A76D13200B91853 /* FS20.entitlements */ = {isa = PBXFileReference; lastKnownFileType = text.xml; path = FS20.entitlements; sourceTree = "<group>"; };
		3C2B0E4D1A853756001CC986 /* Base */ = {isa = PBXFileReference; lastKnownFileType = text.plist.strings; name = Base; path = Base.lproj/Localizable.strings; sourceTree = "<group>"; };
		3C2B0E4F1A85375A001CC986 /* de */ = {isa = PBXFileReference; lastKnownFileType = text.plist.strings; name = de; path = de.lproj/Localizable.strings; sourceTree = "<group>"; };
		3C42C25B1C5C1C82005C2C75 /* FS20-Bridging-Header.h */ = {isa = PBXFileReference; lastKnownFileType = sourcecode.c.h; path = "FS20-Bridging-Header.h"; sourceTree = "<group>"; };
		3C42C25C1C5C1C83005C2C75 /* Today-Extension-Bridging-Header.h */ = {isa = PBXFileReference; lastKnownFileType = sourcecode.c.h; path = "Today-Extension-Bridging-Header.h"; sourceTree = "<group>"; };
		3C42C2611C5C1D77005C2C75 /* JSONModel.framework */ = {isa = PBXFileReference; lastKnownFileType = wrapper.framework; name = JSONModel.framework; path = "Pods/../build/Debug-iphoneos/JSONModel.framework"; sourceTree = "<group>"; };
		3C42C2641C5C1E00005C2C75 /* Room.h */ = {isa = PBXFileReference; fileEncoding = 4; lastKnownFileType = sourcecode.c.h; path = Room.h; sourceTree = "<group>"; };
		3C42C2651C5C1E00005C2C75 /* Room.m */ = {isa = PBXFileReference; fileEncoding = 4; lastKnownFileType = sourcecode.c.objc; path = Room.m; sourceTree = "<group>"; };
		3C42C2671C5C1E21005C2C75 /* Device.h */ = {isa = PBXFileReference; fileEncoding = 4; lastKnownFileType = sourcecode.c.h; path = Device.h; sourceTree = "<group>"; };
		3C42C2681C5C1E21005C2C75 /* Device.m */ = {isa = PBXFileReference; fileEncoding = 4; lastKnownFileType = sourcecode.c.objc; path = Device.m; sourceTree = "<group>"; };
		3C42C26C1C5C297D005C2C75 /* SwitchResult.h */ = {isa = PBXFileReference; fileEncoding = 4; lastKnownFileType = sourcecode.c.h; path = SwitchResult.h; sourceTree = "<group>"; };
		3C42C26D1C5C297D005C2C75 /* SwitchResult.m */ = {isa = PBXFileReference; fileEncoding = 4; lastKnownFileType = sourcecode.c.objc; path = SwitchResult.m; sourceTree = "<group>"; };
		3C4C36F91BA75A2700C5D726 /* Settings.bundle */ = {isa = PBXFileReference; lastKnownFileType = "wrapper.plug-in"; path = Settings.bundle; sourceTree = "<group>"; };
		3CA81AD41B6AB834001555AB /* MainTableViewController.swift */ = {isa = PBXFileReference; fileEncoding = 4; lastKnownFileType = sourcecode.swift; path = MainTableViewController.swift; sourceTree = "<group>"; };
		3CD38CBE1A756968009DC4E3 /* FS20.app */ = {isa = PBXFileReference; explicitFileType = wrapper.application; includeInIndex = 0; path = FS20.app; sourceTree = BUILT_PRODUCTS_DIR; };
		3CD38CC21A756968009DC4E3 /* Info.plist */ = {isa = PBXFileReference; lastKnownFileType = text.plist.xml; path = Info.plist; sourceTree = "<group>"; };
		3CD38CC31A756968009DC4E3 /* AppDelegate.swift */ = {isa = PBXFileReference; lastKnownFileType = sourcecode.swift; path = AppDelegate.swift; sourceTree = "<group>"; };
		3CD38CCB1A756968009DC4E3 /* Base */ = {isa = PBXFileReference; lastKnownFileType = file.storyboard; name = Base; path = Base.lproj/Main.storyboard; sourceTree = "<group>"; };
		3CD38CCD1A756968009DC4E3 /* Images.xcassets */ = {isa = PBXFileReference; lastKnownFileType = folder.assetcatalog; path = Images.xcassets; sourceTree = "<group>"; };
		3CD38CD01A756968009DC4E3 /* Base */ = {isa = PBXFileReference; lastKnownFileType = file.xib; name = Base; path = Base.lproj/LaunchScreen.xib; sourceTree = "<group>"; };
		3CDDDDC81BA9D8700022AF58 /* de */ = {isa = PBXFileReference; lastKnownFileType = text.plist.strings; name = de; path = de.lproj/Main.strings; sourceTree = "<group>"; };
		552EDA5B1162FBDA289E7AD2 /* Pods.debug.xcconfig */ = {isa = PBXFileReference; includeInIndex = 1; lastKnownFileType = text.xcconfig; name = Pods.debug.xcconfig; path = "Pods/Target Support Files/Pods/Pods.debug.xcconfig"; sourceTree = "<group>"; };
		C65AFC36E795CC83C46BF81F /* Pods.framework */ = {isa = PBXFileReference; explicitFileType = wrapper.framework; includeInIndex = 0; path = Pods.framework; sourceTree = BUILT_PRODUCTS_DIR; };
/* End PBXFileReference section */

/* Begin PBXFrameworksBuildPhase section */
		3C0774181BB463E800314EC7 /* Frameworks */ = {
			isa = PBXFrameworksBuildPhase;
			buildActionMask = 2147483647;
			files = (
				3C07741C1BB463E800314EC7 /* NotificationCenter.framework in Frameworks */,
			);
			runOnlyForDeploymentPostprocessing = 0;
		};
		3CD38CBB1A756968009DC4E3 /* Frameworks */ = {
			isa = PBXFrameworksBuildPhase;
			buildActionMask = 2147483647;
			files = (
				3C42C2621C5C1D77005C2C75 /* JSONModel.framework in Frameworks */,
				892D035043A2B1045E8F3294 /* Pods.framework in Frameworks */,
			);
			runOnlyForDeploymentPostprocessing = 0;
		};
/* End PBXFrameworksBuildPhase section */

/* Begin PBXGroup section */
		2A36F21C032DC7E08983DE08 /* Pods */ = {
			isa = PBXGroup;
			children = (
				552EDA5B1162FBDA289E7AD2 /* Pods.debug.xcconfig */,
				293125EC8DB47139D4D3050C /* Pods.release.xcconfig */,
			);
			name = Pods;
			sourceTree = "<group>";
		};
		3C07741D1BB463E800314EC7 /* Today-Extension */ = {
			isa = PBXGroup;
			children = (
				3C07742E1BB477AD00314EC7 /* Today-Extension.entitlements */,
				3C07741E1BB463E800314EC7 /* TodayViewController.swift */,
				3C0774201BB463E800314EC7 /* MainInterface.storyboard */,
				3C0774231BB463E800314EC7 /* Info.plist */,
			);
			path = "Today-Extension";
			sourceTree = "<group>";
		};
		3C0774331BB47E6300314EC7 /* Core */ = {
			isa = PBXGroup;
			children = (
				3C42C2631C5C1E00005C2C75 /* JSON */,
				3C0774341BB47E6300314EC7 /* Dictionary+JSON.swift */,
				3C0774351BB47E6300314EC7 /* FS20.swift */,
				3C0774361BB47E6300314EC7 /* Settings.swift */,
				3C0774371BB47E6300314EC7 /* String+Localization.swift */,
				3C42C25B1C5C1C82005C2C75 /* FS20-Bridging-Header.h */,
				3C42C25C1C5C1C83005C2C75 /* Today-Extension-Bridging-Header.h */,
			);
			path = Core;
			sourceTree = "<group>";
		};
		3C0774401BB47EDE00314EC7 /* Views */ = {
			isa = PBXGroup;
			children = (
				3C0774411BB47EDE00314EC7 /* DeviceTableViewCell.swift */,
			);
			path = Views;
			sourceTree = "<group>";
		};
		3C0774441BB47F2600314EC7 /* ViewControllers */ = {
			isa = PBXGroup;
			children = (
				3C0774451BB47F2600314EC7 /* BaseFS20TableViewController.swift */,
			);
			path = ViewControllers;
			sourceTree = "<group>";
		};
		3C1311281A76D0F300B91853 /* Frameworks */ = {
			isa = PBXGroup;
			children = (
				3C42C2611C5C1D77005C2C75 /* JSONModel.framework */,
				3C1311291A76D0F300B91853 /* NotificationCenter.framework */,
				C65AFC36E795CC83C46BF81F /* Pods.framework */,
			);
			name = Frameworks;
			sourceTree = "<group>";
		};
		3C42C2631C5C1E00005C2C75 /* JSON */ = {
			isa = PBXGroup;
			children = (
				3C42C2641C5C1E00005C2C75 /* Room.h */,
				3C42C2651C5C1E00005C2C75 /* Room.m */,
				3C42C2671C5C1E21005C2C75 /* Device.h */,
				3C42C2681C5C1E21005C2C75 /* Device.m */,
				3C42C26C1C5C297D005C2C75 /* SwitchResult.h */,
				3C42C26D1C5C297D005C2C75 /* SwitchResult.m */,
			);
			path = JSON;
			sourceTree = "<group>";
		};
		3CD38CB51A756967009DC4E3 = {
			isa = PBXGroup;
			children = (
				3CF69C3F1B669F6C009EB33D /* Shared */,
				3CD38CC01A756968009DC4E3 /* FS20 */,
				3C07741D1BB463E800314EC7 /* Today-Extension */,
				3C1311281A76D0F300B91853 /* Frameworks */,
				3CD38CBF1A756968009DC4E3 /* Products */,
				2A36F21C032DC7E08983DE08 /* Pods */,
			);
			sourceTree = "<group>";
		};
		3CD38CBF1A756968009DC4E3 /* Products */ = {
			isa = PBXGroup;
			children = (
				3CD38CBE1A756968009DC4E3 /* FS20.app */,
				3C07741B1BB463E800314EC7 /* Today-Extension.appex */,
			);
			name = Products;
			sourceTree = "<group>";
		};
		3CD38CC01A756968009DC4E3 /* FS20 */ = {
			isa = PBXGroup;
			children = (
				3C1311391A76D13200B91853 /* FS20.entitlements */,
				3CD38CCA1A756968009DC4E3 /* Main.storyboard */,
				3CD38CCF1A756968009DC4E3 /* LaunchScreen.xib */,
				3CD38CCD1A756968009DC4E3 /* Images.xcassets */,
				3C2B0E4E1A853756001CC986 /* Localizable.strings */,
				3CD38CC31A756968009DC4E3 /* AppDelegate.swift */,
				3CA81AD41B6AB834001555AB /* MainTableViewController.swift */,
				3CD38CC11A756968009DC4E3 /* Supporting Files */,
				3C4C36F91BA75A2700C5D726 /* Settings.bundle */,
			);
			path = FS20;
			sourceTree = "<group>";
		};
		3CD38CC11A756968009DC4E3 /* Supporting Files */ = {
			isa = PBXGroup;
			children = (
				3CD38CC21A756968009DC4E3 /* Info.plist */,
			);
			name = "Supporting Files";
			sourceTree = "<group>";
		};
		3CF69C3F1B669F6C009EB33D /* Shared */ = {
			isa = PBXGroup;
			children = (
				3C0774331BB47E6300314EC7 /* Core */,
				3C0774441BB47F2600314EC7 /* ViewControllers */,
				3C0774401BB47EDE00314EC7 /* Views */,
			);
			path = Shared;
			sourceTree = "<group>";
		};
/* End PBXGroup section */

/* Begin PBXNativeTarget section */
		3C07741A1BB463E800314EC7 /* Today-Extension */ = {
			isa = PBXNativeTarget;
			buildConfigurationList = 3C0774291BB463E900314EC7 /* Build configuration list for PBXNativeTarget "Today-Extension" */;
			buildPhases = (
				3C0774171BB463E800314EC7 /* Sources */,
				3C0774181BB463E800314EC7 /* Frameworks */,
				3C0774191BB463E800314EC7 /* Resources */,
			);
			buildRules = (
			);
			dependencies = (
			);
			name = "Today-Extension";
			productName = "Today-Extension";
			productReference = 3C07741B1BB463E800314EC7 /* Today-Extension.appex */;
			productType = "com.apple.product-type.app-extension";
		};
		3CD38CBD1A756968009DC4E3 /* FS20 */ = {
			isa = PBXNativeTarget;
			buildConfigurationList = 3CD38CE01A756968009DC4E3 /* Build configuration list for PBXNativeTarget "FS20" */;
			buildPhases = (
				0DA3EB393C91CE3DFBF7DF2C /* Check Pods Manifest.lock */,
				3CD38CBA1A756968009DC4E3 /* Sources */,
				3CD38CBB1A756968009DC4E3 /* Frameworks */,
				3CD38CBC1A756968009DC4E3 /* Resources */,
				3C1311381A76D0F300B91853 /* Embed App Extensions */,
				02427A1E1FF707F77B0A2984 /* Copy Pods Resources */,
				D0C758E862A4D82233B26761 /* Embed Pods Frameworks */,
			);
			buildRules = (
			);
			dependencies = (
				3C0774251BB463E800314EC7 /* PBXTargetDependency */,
			);
			name = FS20;
			productName = FS20;
			productReference = 3CD38CBE1A756968009DC4E3 /* FS20.app */;
			productType = "com.apple.product-type.application";
		};
/* End PBXNativeTarget section */

/* Begin PBXProject section */
		3CD38CB61A756967009DC4E3 /* Project object */ = {
			isa = PBXProject;
			attributes = {
				LastSwiftMigration = 0700;
				LastSwiftUpdateCheck = 0720;
				LastUpgradeCheck = 0700;
				ORGANIZATIONNAME = Mani;
				TargetAttributes = {
					3C07741A1BB463E800314EC7 = {
						CreatedOnToolsVersion = 7.0;
						DevelopmentTeam = PZP46GS9KE;
						SystemCapabilities = {
							com.apple.ApplicationGroups.iOS = {
								enabled = 1;
							};
						};
					};
					3CD38CBD1A756968009DC4E3 = {
						CreatedOnToolsVersion = 6.2;
						DevelopmentTeam = PZP46GS9KE;
						SystemCapabilities = {
							com.apple.ApplicationGroups.iOS = {
								enabled = 1;
							};
						};
					};
				};
			};
			buildConfigurationList = 3CD38CB91A756967009DC4E3 /* Build configuration list for PBXProject "FS20" */;
			compatibilityVersion = "Xcode 3.2";
			developmentRegion = English;
			hasScannedForEncodings = 0;
			knownRegions = (
				en,
				Base,
				de,
			);
			mainGroup = 3CD38CB51A756967009DC4E3;
			productRefGroup = 3CD38CBF1A756968009DC4E3 /* Products */;
			projectDirPath = "";
			projectRoot = "";
			targets = (
				3CD38CBD1A756968009DC4E3 /* FS20 */,
				3C07741A1BB463E800314EC7 /* Today-Extension */,
			);
		};
/* End PBXProject section */

/* Begin PBXResourcesBuildPhase section */
		3C0774191BB463E800314EC7 /* Resources */ = {
			isa = PBXResourcesBuildPhase;
			buildActionMask = 2147483647;
			files = (
				3C07742D1BB466C700314EC7 /* Settings.bundle in Resources */,
				3C0774221BB463E800314EC7 /* MainInterface.storyboard in Resources */,
			);
			runOnlyForDeploymentPostprocessing = 0;
		};
		3CD38CBC1A756968009DC4E3 /* Resources */ = {
			isa = PBXResourcesBuildPhase;
			buildActionMask = 2147483647;
			files = (
				3C2B0E4C1A853756001CC986 /* Localizable.strings in Resources */,
				3CD38CCC1A756968009DC4E3 /* Main.storyboard in Resources */,
				3C4C36FA1BA75A2700C5D726 /* Settings.bundle in Resources */,
				3CD38CD11A756968009DC4E3 /* LaunchScreen.xib in Resources */,
				3CD38CCE1A756968009DC4E3 /* Images.xcassets in Resources */,
			);
			runOnlyForDeploymentPostprocessing = 0;
		};
/* End PBXResourcesBuildPhase section */

/* Begin PBXShellScriptBuildPhase section */
		02427A1E1FF707F77B0A2984 /* Copy Pods Resources */ = {
			isa = PBXShellScriptBuildPhase;
			buildActionMask = 2147483647;
			files = (
			);
			inputPaths = (
			);
			name = "Copy Pods Resources";
			outputPaths = (
			);
			runOnlyForDeploymentPostprocessing = 0;
			shellPath = /bin/sh;
			shellScript = "\"${SRCROOT}/Pods/Target Support Files/Pods/Pods-resources.sh\"\n";
			showEnvVarsInLog = 0;
		};
		0DA3EB393C91CE3DFBF7DF2C /* Check Pods Manifest.lock */ = {
			isa = PBXShellScriptBuildPhase;
			buildActionMask = 2147483647;
			files = (
			);
			inputPaths = (
			);
			name = "Check Pods Manifest.lock";
			outputPaths = (
			);
			runOnlyForDeploymentPostprocessing = 0;
			shellPath = /bin/sh;
			shellScript = "diff \"${PODS_ROOT}/../Podfile.lock\" \"${PODS_ROOT}/Manifest.lock\" > /dev/null\nif [[ $? != 0 ]] ; then\n    cat << EOM\nerror: The sandbox is not in sync with the Podfile.lock. Run 'pod install' or update your CocoaPods installation.\nEOM\n    exit 1\nfi\n";
			showEnvVarsInLog = 0;
		};
		D0C758E862A4D82233B26761 /* Embed Pods Frameworks */ = {
			isa = PBXShellScriptBuildPhase;
			buildActionMask = 2147483647;
			files = (
			);
			inputPaths = (
			);
			name = "Embed Pods Frameworks";
			outputPaths = (
			);
			runOnlyForDeploymentPostprocessing = 0;
			shellPath = /bin/sh;
			shellScript = "\"${SRCROOT}/Pods/Target Support Files/Pods/Pods-frameworks.sh\"\n";
			showEnvVarsInLog = 0;
		};
/* End PBXShellScriptBuildPhase section */

/* Begin PBXSourcesBuildPhase section */
		3C0774171BB463E800314EC7 /* Sources */ = {
			isa = PBXSourcesBuildPhase;
			buildActionMask = 2147483647;
			files = (
				3C07741F1BB463E800314EC7 /* TodayViewController.swift in Sources */,
				3C0774431BB47EDE00314EC7 /* DeviceTableViewCell.swift in Sources */,
				3C0774391BB47E6300314EC7 /* Dictionary+JSON.swift in Sources */,
				3C42C26B1C5C1E2E005C2C75 /* Room.m in Sources */,
				3C42C26F1C5C297D005C2C75 /* SwitchResult.m in Sources */,
				3C42C26A1C5C1E21005C2C75 /* Device.m in Sources */,
				3C07743D1BB47E6300314EC7 /* Settings.swift in Sources */,
				3C07743B1BB47E6300314EC7 /* FS20.swift in Sources */,
				3C07743F1BB47E6300314EC7 /* String+Localization.swift in Sources */,
				3C0774471BB47F2600314EC7 /* BaseFS20TableViewController.swift in Sources */,
			);
			runOnlyForDeploymentPostprocessing = 0;
		};
		3CD38CBA1A756968009DC4E3 /* Sources */ = {
			isa = PBXSourcesBuildPhase;
			buildActionMask = 2147483647;
			files = (
				3C42C2661C5C1E00005C2C75 /* Room.m in Sources */,
				3C07743C1BB47E6300314EC7 /* Settings.swift in Sources */,
				3C42C26E1C5C297D005C2C75 /* SwitchResult.m in Sources */,
				3CD38CC41A756968009DC4E3 /* AppDelegate.swift in Sources */,
				3C42C2691C5C1E21005C2C75 /* Device.m in Sources */,
				3CA81AD51B6AB834001555AB /* MainTableViewController.swift in Sources */,
				3C0774381BB47E6300314EC7 /* Dictionary+JSON.swift in Sources */,
				3C0774461BB47F2600314EC7 /* BaseFS20TableViewController.swift in Sources */,
				3C07743E1BB47E6300314EC7 /* String+Localization.swift in Sources */,
				3C07743A1BB47E6300314EC7 /* FS20.swift in Sources */,
				3C0774421BB47EDE00314EC7 /* DeviceTableViewCell.swift in Sources */,
			);
			runOnlyForDeploymentPostprocessing = 0;
		};
/* End PBXSourcesBuildPhase section */

/* Begin PBXTargetDependency section */
		3C0774251BB463E800314EC7 /* PBXTargetDependency */ = {
			isa = PBXTargetDependency;
			target = 3C07741A1BB463E800314EC7 /* Today-Extension */;
			targetProxy = 3C0774241BB463E800314EC7 /* PBXContainerItemProxy */;
		};
/* End PBXTargetDependency section */

/* Begin PBXVariantGroup section */
		3C0774201BB463E800314EC7 /* MainInterface.storyboard */ = {
			isa = PBXVariantGroup;
			children = (
				3C0774211BB463E800314EC7 /* Base */,
			);
			name = MainInterface.storyboard;
			sourceTree = "<group>";
		};
		3C2B0E4E1A853756001CC986 /* Localizable.strings */ = {
			isa = PBXVariantGroup;
			children = (
				3C2B0E4D1A853756001CC986 /* Base */,
				3C2B0E4F1A85375A001CC986 /* de */,
			);
			name = Localizable.strings;
			sourceTree = "<group>";
		};
		3CD38CCA1A756968009DC4E3 /* Main.storyboard */ = {
			isa = PBXVariantGroup;
			children = (
				3CD38CCB1A756968009DC4E3 /* Base */,
				3CDDDDC81BA9D8700022AF58 /* de */,
			);
			name = Main.storyboard;
			sourceTree = "<group>";
		};
		3CD38CCF1A756968009DC4E3 /* LaunchScreen.xib */ = {
			isa = PBXVariantGroup;
			children = (
				3CD38CD01A756968009DC4E3 /* Base */,
			);
			name = LaunchScreen.xib;
			sourceTree = "<group>";
		};
/* End PBXVariantGroup section */

/* Begin XCBuildConfiguration section */
		3C0774271BB463E900314EC7 /* Debug */ = {
			isa = XCBuildConfiguration;
			buildSettings = {
				CLANG_ENABLE_MODULES = YES;
				CODE_SIGN_ENTITLEMENTS = "Today-Extension/Today-Extension.entitlements";
				CODE_SIGN_IDENTITY = "iPhone Developer";
				"CODE_SIGN_IDENTITY[sdk=iphoneos*]" = "iPhone Developer";
				DEBUG_INFORMATION_FORMAT = dwarf;
				GCC_NO_COMMON_BLOCKS = YES;
				INFOPLIST_FILE = "Today-Extension/Info.plist";
				IPHONEOS_DEPLOYMENT_TARGET = 9.0;
				LD_RUNPATH_SEARCH_PATHS = "$(inherited) @executable_path/Frameworks @executable_path/../../Frameworks";
				PRODUCT_BUNDLE_IDENTIFIER = "at.mani1337.FS20.Today-Extension";
				PRODUCT_NAME = "$(TARGET_NAME)";
				PROVISIONING_PROFILE = "";
				SKIP_INSTALL = YES;
				SWIFT_INSTALL_OBJC_HEADER = NO;
				SWIFT_OBJC_BRIDGING_HEADER = "Shared/Core/Today-Extension-Bridging-Header.h";
				SWIFT_OPTIMIZATION_LEVEL = "-Onone";
			};
			name = Debug;
		};
		3C0774281BB463E900314EC7 /* Release */ = {
			isa = XCBuildConfiguration;
			buildSettings = {
				CLANG_ENABLE_MODULES = YES;
				CODE_SIGN_ENTITLEMENTS = "Today-Extension/Today-Extension.entitlements";
				CODE_SIGN_IDENTITY = "iPhone Developer";
				"CODE_SIGN_IDENTITY[sdk=iphoneos*]" = "iPhone Developer";
				DEBUG_INFORMATION_FORMAT = "dwarf-with-dsym";
				GCC_NO_COMMON_BLOCKS = YES;
				INFOPLIST_FILE = "Today-Extension/Info.plist";
				IPHONEOS_DEPLOYMENT_TARGET = 9.0;
				LD_RUNPATH_SEARCH_PATHS = "$(inherited) @executable_path/Frameworks @executable_path/../../Frameworks";
				PRODUCT_BUNDLE_IDENTIFIER = "at.mani1337.FS20.Today-Extension";
				PRODUCT_NAME = "$(TARGET_NAME)";
				PROVISIONING_PROFILE = "";
				SKIP_INSTALL = YES;
				SWIFT_INSTALL_OBJC_HEADER = NO;
				SWIFT_OBJC_BRIDGING_HEADER = "Shared/Core/Today-Extension-Bridging-Header.h";
			};
			name = Release;
		};
		3CD38CDE1A756968009DC4E3 /* Debug */ = {
			isa = XCBuildConfiguration;
			buildSettings = {
				ALWAYS_SEARCH_USER_PATHS = NO;
				CLANG_CXX_LANGUAGE_STANDARD = "gnu++0x";
				CLANG_CXX_LIBRARY = "libc++";
				CLANG_ENABLE_MODULES = YES;
				CLANG_ENABLE_OBJC_ARC = YES;
				CLANG_WARN_BOOL_CONVERSION = YES;
				CLANG_WARN_CONSTANT_CONVERSION = YES;
				CLANG_WARN_DIRECT_OBJC_ISA_USAGE = YES_ERROR;
				CLANG_WARN_EMPTY_BODY = YES;
				CLANG_WARN_ENUM_CONVERSION = YES;
				CLANG_WARN_INT_CONVERSION = YES;
				CLANG_WARN_OBJC_ROOT_CLASS = YES_ERROR;
				CLANG_WARN_UNREACHABLE_CODE = YES;
				CLANG_WARN__DUPLICATE_METHOD_MATCH = YES;
				"CODE_SIGN_IDENTITY[sdk=iphoneos*]" = "iPhone Developer";
				COPY_PHASE_STRIP = NO;
				ENABLE_STRICT_OBJC_MSGSEND = YES;
				ENABLE_TESTABILITY = YES;
				GCC_C_LANGUAGE_STANDARD = gnu99;
				GCC_DYNAMIC_NO_PIC = NO;
				GCC_OPTIMIZATION_LEVEL = 0;
				GCC_PREPROCESSOR_DEFINITIONS = (
					"DEBUG=1",
					"$(inherited)",
				);
				GCC_SYMBOLS_PRIVATE_EXTERN = NO;
				GCC_WARN_64_TO_32_BIT_CONVERSION = YES;
				GCC_WARN_ABOUT_RETURN_TYPE = YES_ERROR;
				GCC_WARN_UNDECLARED_SELECTOR = YES;
				GCC_WARN_UNINITIALIZED_AUTOS = YES_AGGRESSIVE;
				GCC_WARN_UNUSED_FUNCTION = YES;
				GCC_WARN_UNUSED_VARIABLE = YES;
				IPHONEOS_DEPLOYMENT_TARGET = 8.2;
				MTL_ENABLE_DEBUG_INFO = YES;
				ONLY_ACTIVE_ARCH = YES;
				SDKROOT = iphoneos;
				SWIFT_OBJC_BRIDGING_HEADER = "Bridging-Header.h";
				SWIFT_OPTIMIZATION_LEVEL = "-Onone";
				TARGETED_DEVICE_FAMILY = "1,2";
			};
			name = Debug;
		};
		3CD38CDF1A756968009DC4E3 /* Release */ = {
			isa = XCBuildConfiguration;
			buildSettings = {
				ALWAYS_SEARCH_USER_PATHS = NO;
				CLANG_CXX_LANGUAGE_STANDARD = "gnu++0x";
				CLANG_CXX_LIBRARY = "libc++";
				CLANG_ENABLE_MODULES = YES;
				CLANG_ENABLE_OBJC_ARC = YES;
				CLANG_WARN_BOOL_CONVERSION = YES;
				CLANG_WARN_CONSTANT_CONVERSION = YES;
				CLANG_WARN_DIRECT_OBJC_ISA_USAGE = YES_ERROR;
				CLANG_WARN_EMPTY_BODY = YES;
				CLANG_WARN_ENUM_CONVERSION = YES;
				CLANG_WARN_INT_CONVERSION = YES;
				CLANG_WARN_OBJC_ROOT_CLASS = YES_ERROR;
				CLANG_WARN_UNREACHABLE_CODE = YES;
				CLANG_WARN__DUPLICATE_METHOD_MATCH = YES;
				"CODE_SIGN_IDENTITY[sdk=iphoneos*]" = "iPhone Developer";
				COPY_PHASE_STRIP = NO;
				ENABLE_NS_ASSERTIONS = NO;
				ENABLE_STRICT_OBJC_MSGSEND = YES;
				GCC_C_LANGUAGE_STANDARD = gnu99;
				GCC_WARN_64_TO_32_BIT_CONVERSION = YES;
				GCC_WARN_ABOUT_RETURN_TYPE = YES_ERROR;
				GCC_WARN_UNDECLARED_SELECTOR = YES;
				GCC_WARN_UNINITIALIZED_AUTOS = YES_AGGRESSIVE;
				GCC_WARN_UNUSED_FUNCTION = YES;
				GCC_WARN_UNUSED_VARIABLE = YES;
				IPHONEOS_DEPLOYMENT_TARGET = 8.2;
				MTL_ENABLE_DEBUG_INFO = NO;
				SDKROOT = iphoneos;
				SWIFT_OBJC_BRIDGING_HEADER = "Bridging-Header.h";
				TARGETED_DEVICE_FAMILY = "1,2";
				VALIDATE_PRODUCT = YES;
			};
			name = Release;
		};
		3CD38CE11A756968009DC4E3 /* Debug */ = {
			isa = XCBuildConfiguration;
			baseConfigurationReference = 552EDA5B1162FBDA289E7AD2 /* Pods.debug.xcconfig */;
			buildSettings = {
				ASSETCATALOG_COMPILER_APPICON_NAME = AppIcon;
				CLANG_ENABLE_MODULES = YES;
				CODE_SIGN_ENTITLEMENTS = FS20/FS20.entitlements;
				CODE_SIGN_IDENTITY = "iPhone Developer";
				"CODE_SIGN_IDENTITY[sdk=iphoneos*]" = "iPhone Developer";
				EMBEDDED_CONTENT_CONTAINS_SWIFT = YES;
				FRAMEWORK_SEARCH_PATHS = (
					"$(inherited)",
					"$(PROJECT_DIR)/build/Debug-iphoneos",
				);
				INFOPLIST_FILE = FS20/Info.plist;
				IPHONEOS_DEPLOYMENT_TARGET = 9.0;
				LD_RUNPATH_SEARCH_PATHS = "$(inherited) @executable_path/Frameworks";
				PRODUCT_BUNDLE_IDENTIFIER = "at.mani1337.$(PRODUCT_NAME:rfc1034identifier)";
				PRODUCT_NAME = "$(TARGET_NAME)";
				PROVISIONING_PROFILE = "";
				SWIFT_INSTALL_OBJC_HEADER = NO;
				SWIFT_OBJC_BRIDGING_HEADER = "Shared/Core/FS20-Bridging-Header.h";
				SWIFT_OPTIMIZATION_LEVEL = "-Onone";
				TARGETED_DEVICE_FAMILY = "1,2";
			};
			name = Debug;
		};
		3CD38CE21A756968009DC4E3 /* Release */ = {
			isa = XCBuildConfiguration;
			baseConfigurationReference = 293125EC8DB47139D4D3050C /* Pods.release.xcconfig */;
			buildSettings = {
				ASSETCATALOG_COMPILER_APPICON_NAME = AppIcon;
				CLANG_ENABLE_MODULES = YES;
				CODE_SIGN_ENTITLEMENTS = FS20/FS20.entitlements;
				CODE_SIGN_IDENTITY = "iPhone Developer";
				"CODE_SIGN_IDENTITY[sdk=iphoneos*]" = "iPhone Developer";
				EMBEDDED_CONTENT_CONTAINS_SWIFT = YES;
				FRAMEWORK_SEARCH_PATHS = (
					"$(inherited)",
					"$(PROJECT_DIR)/build/Debug-iphoneos",
				);
				INFOPLIST_FILE = FS20/Info.plist;
				IPHONEOS_DEPLOYMENT_TARGET = 9.0;
				LD_RUNPATH_SEARCH_PATHS = "$(inherited) @executable_path/Frameworks";
				PRODUCT_BUNDLE_IDENTIFIER = "at.mani1337.$(PRODUCT_NAME:rfc1034identifier)";
				PRODUCT_NAME = "$(TARGET_NAME)";
				PROVISIONING_PROFILE = "";
				SWIFT_INSTALL_OBJC_HEADER = NO;
				SWIFT_OBJC_BRIDGING_HEADER = "Shared/Core/FS20-Bridging-Header.h";
				TARGETED_DEVICE_FAMILY = "1,2";
			};
			name = Release;
		};
/* End XCBuildConfiguration section */

/* Begin XCConfigurationList section */
		3C0774291BB463E900314EC7 /* Build configuration list for PBXNativeTarget "Today-Extension" */ = {
			isa = XCConfigurationList;
			buildConfigurations = (
				3C0774271BB463E900314EC7 /* Debug */,
				3C0774281BB463E900314EC7 /* Release */,
			);
			defaultConfigurationIsVisible = 0;
			defaultConfigurationName = Release;
		};
		3CD38CB91A756967009DC4E3 /* Build configuration list for PBXProject "FS20" */ = {
			isa = XCConfigurationList;
			buildConfigurations = (
				3CD38CDE1A756968009DC4E3 /* Debug */,
				3CD38CDF1A756968009DC4E3 /* Release */,
			);
			defaultConfigurationIsVisible = 0;
			defaultConfigurationName = Release;
		};
		3CD38CE01A756968009DC4E3 /* Build configuration list for PBXNativeTarget "FS20" */ = {
			isa = XCConfigurationList;
			buildConfigurations = (
				3CD38CE11A756968009DC4E3 /* Debug */,
				3CD38CE21A756968009DC4E3 /* Release */,
			);
			defaultConfigurationIsVisible = 0;
			defaultConfigurationName = Release;
		};
/* End XCConfigurationList section */
	};
	rootObject = 3CD38CB61A756967009DC4E3 /* Project object */;
}
